# Generated by pub
# See https://dart.dev/tools/pub/glossary#lockfile
packages:
  _fe_analyzer_shared:
    dependency: transitive
    description:
      name: _fe_analyzer_shared
      url: "https://pub.dartlang.org"
    source: hosted
<<<<<<< HEAD
    version: "40.0.0"
=======
    version: "31.0.0"
>>>>>>> 596eb1043fc9b328f27aa7bdde371b99c4ad67bf
  analyzer:
    dependency: transitive
    description:
      name: analyzer
      url: "https://pub.dartlang.org"
    source: hosted
<<<<<<< HEAD
    version: "4.1.0"
=======
    version: "2.8.0"
>>>>>>> 596eb1043fc9b328f27aa7bdde371b99c4ad67bf
  archive:
    dependency: transitive
    description:
      name: archive
      url: "https://pub.dartlang.org"
    source: hosted
<<<<<<< HEAD
    version: "3.3.0"
=======
    version: "3.1.6"
>>>>>>> 596eb1043fc9b328f27aa7bdde371b99c4ad67bf
  args:
    dependency: transitive
    description:
      name: args
      url: "https://pub.dartlang.org"
    source: hosted
<<<<<<< HEAD
    version: "2.3.1"
=======
    version: "2.3.0"
>>>>>>> 596eb1043fc9b328f27aa7bdde371b99c4ad67bf
  async:
    dependency: transitive
    description:
      name: async
      url: "https://pub.dartlang.org"
    source: hosted
    version: "2.8.2"
  bloc:
    dependency: transitive
    description:
      name: bloc
      url: "https://pub.dartlang.org"
    source: hosted
<<<<<<< HEAD
    version: "8.0.3"
=======
    version: "8.0.1"
>>>>>>> 596eb1043fc9b328f27aa7bdde371b99c4ad67bf
  bloc_test:
    dependency: "direct dev"
    description:
      name: bloc_test
      url: "https://pub.dartlang.org"
    source: hosted
<<<<<<< HEAD
    version: "9.0.3"
=======
    version: "9.0.1"
>>>>>>> 596eb1043fc9b328f27aa7bdde371b99c4ad67bf
  boolean_selector:
    dependency: transitive
    description:
      name: boolean_selector
      url: "https://pub.dartlang.org"
    source: hosted
    version: "2.1.0"
  build:
    dependency: transitive
    description:
      name: build
      url: "https://pub.dartlang.org"
    source: hosted
<<<<<<< HEAD
    version: "2.3.0"
=======
    version: "2.1.1"
>>>>>>> 596eb1043fc9b328f27aa7bdde371b99c4ad67bf
  build_config:
    dependency: transitive
    description:
      name: build_config
      url: "https://pub.dartlang.org"
    source: hosted
    version: "1.0.0"
  build_daemon:
    dependency: transitive
    description:
      name: build_daemon
      url: "https://pub.dartlang.org"
    source: hosted
<<<<<<< HEAD
    version: "3.1.0"
=======
    version: "3.0.1"
>>>>>>> 596eb1043fc9b328f27aa7bdde371b99c4ad67bf
  build_resolvers:
    dependency: transitive
    description:
      name: build_resolvers
      url: "https://pub.dartlang.org"
    source: hosted
<<<<<<< HEAD
    version: "2.0.8"
=======
    version: "2.0.5"
>>>>>>> 596eb1043fc9b328f27aa7bdde371b99c4ad67bf
  build_runner:
    dependency: "direct dev"
    description:
      name: build_runner
      url: "https://pub.dartlang.org"
    source: hosted
<<<<<<< HEAD
    version: "2.1.11"
=======
    version: "2.1.5"
>>>>>>> 596eb1043fc9b328f27aa7bdde371b99c4ad67bf
  build_runner_core:
    dependency: transitive
    description:
      name: build_runner_core
      url: "https://pub.dartlang.org"
    source: hosted
<<<<<<< HEAD
    version: "7.2.3"
=======
    version: "7.2.2"
>>>>>>> 596eb1043fc9b328f27aa7bdde371b99c4ad67bf
  built_collection:
    dependency: transitive
    description:
      name: built_collection
      url: "https://pub.dartlang.org"
    source: hosted
    version: "5.1.1"
  built_value:
    dependency: transitive
    description:
      name: built_value
      url: "https://pub.dartlang.org"
    source: hosted
<<<<<<< HEAD
    version: "8.3.2"
=======
    version: "8.1.3"
>>>>>>> 596eb1043fc9b328f27aa7bdde371b99c4ad67bf
  cached_network_image:
    dependency: "direct main"
    description:
      name: cached_network_image
      url: "https://pub.dartlang.org"
    source: hosted
<<<<<<< HEAD
    version: "3.2.1"
=======
    version: "3.2.0"
>>>>>>> 596eb1043fc9b328f27aa7bdde371b99c4ad67bf
  cached_network_image_platform_interface:
    dependency: transitive
    description:
      name: cached_network_image_platform_interface
      url: "https://pub.dartlang.org"
    source: hosted
    version: "1.0.0"
  cached_network_image_web:
    dependency: transitive
    description:
      name: cached_network_image_web
      url: "https://pub.dartlang.org"
    source: hosted
    version: "1.0.1"
  characters:
    dependency: transitive
    description:
      name: characters
      url: "https://pub.dartlang.org"
    source: hosted
    version: "1.2.0"
  charcode:
    dependency: transitive
    description:
      name: charcode
      url: "https://pub.dartlang.org"
    source: hosted
    version: "1.3.1"
  checked_yaml:
    dependency: transitive
    description:
      name: checked_yaml
      url: "https://pub.dartlang.org"
    source: hosted
    version: "2.0.1"
<<<<<<< HEAD
=======
  cli_util:
    dependency: transitive
    description:
      name: cli_util
      url: "https://pub.dartlang.org"
    source: hosted
    version: "0.3.5"
>>>>>>> 596eb1043fc9b328f27aa7bdde371b99c4ad67bf
  clock:
    dependency: transitive
    description:
      name: clock
      url: "https://pub.dartlang.org"
    source: hosted
    version: "1.1.0"
  cloud_firestore:
    dependency: "direct main"
    description:
      name: cloud_firestore
      url: "https://pub.dartlang.org"
    source: hosted
<<<<<<< HEAD
    version: "3.1.16"
=======
    version: "3.1.4"
>>>>>>> 596eb1043fc9b328f27aa7bdde371b99c4ad67bf
  cloud_firestore_platform_interface:
    dependency: transitive
    description:
      name: cloud_firestore_platform_interface
      url: "https://pub.dartlang.org"
    source: hosted
<<<<<<< HEAD
    version: "5.5.6"
=======
    version: "5.4.9"
>>>>>>> 596eb1043fc9b328f27aa7bdde371b99c4ad67bf
  cloud_firestore_web:
    dependency: transitive
    description:
      name: cloud_firestore_web
      url: "https://pub.dartlang.org"
    source: hosted
<<<<<<< HEAD
    version: "2.6.15"
=======
    version: "2.6.4"
>>>>>>> 596eb1043fc9b328f27aa7bdde371b99c4ad67bf
  code_builder:
    dependency: transitive
    description:
      name: code_builder
      url: "https://pub.dartlang.org"
    source: hosted
    version: "4.1.0"
  collection:
    dependency: transitive
    description:
      name: collection
      url: "https://pub.dartlang.org"
    source: hosted
<<<<<<< HEAD
    version: "1.16.0"
=======
    version: "1.15.0"
>>>>>>> 596eb1043fc9b328f27aa7bdde371b99c4ad67bf
  convert:
    dependency: transitive
    description:
      name: convert
      url: "https://pub.dartlang.org"
    source: hosted
    version: "3.0.1"
  coverage:
    dependency: transitive
    description:
      name: coverage
      url: "https://pub.dartlang.org"
    source: hosted
<<<<<<< HEAD
    version: "1.3.2"
=======
    version: "1.0.3"
>>>>>>> 596eb1043fc9b328f27aa7bdde371b99c4ad67bf
  cross_file:
    dependency: transitive
    description:
      name: cross_file
      url: "https://pub.dartlang.org"
    source: hosted
<<<<<<< HEAD
    version: "0.3.3+1"
=======
    version: "0.3.2"
>>>>>>> 596eb1043fc9b328f27aa7bdde371b99c4ad67bf
  crypto:
    dependency: transitive
    description:
      name: crypto
      url: "https://pub.dartlang.org"
    source: hosted
<<<<<<< HEAD
    version: "3.0.2"
=======
    version: "3.0.1"
>>>>>>> 596eb1043fc9b328f27aa7bdde371b99c4ad67bf
  cupertino_icons:
    dependency: "direct main"
    description:
      name: cupertino_icons
      url: "https://pub.dartlang.org"
    source: hosted
    version: "1.0.4"
  dart_style:
    dependency: transitive
    description:
      name: dart_style
      url: "https://pub.dartlang.org"
    source: hosted
<<<<<<< HEAD
    version: "2.2.3"
=======
    version: "2.2.0"
>>>>>>> 596eb1043fc9b328f27aa7bdde371b99c4ad67bf
  dartz:
    dependency: "direct main"
    description:
      name: dartz
      url: "https://pub.dartlang.org"
    source: hosted
    version: "0.10.1"
  diff_match_patch:
    dependency: transitive
    description:
      name: diff_match_patch
      url: "https://pub.dartlang.org"
    source: hosted
    version: "0.4.1"
  equatable:
    dependency: "direct main"
    description:
      name: equatable
      url: "https://pub.dartlang.org"
    source: hosted
    version: "2.0.3"
  fake_async:
    dependency: transitive
    description:
      name: fake_async
      url: "https://pub.dartlang.org"
    source: hosted
<<<<<<< HEAD
    version: "1.3.0"
=======
    version: "1.2.0"
>>>>>>> 596eb1043fc9b328f27aa7bdde371b99c4ad67bf
  fake_cloud_firestore:
    dependency: "direct dev"
    description:
      name: fake_cloud_firestore
      url: "https://pub.dartlang.org"
    source: hosted
<<<<<<< HEAD
    version: "1.2.2"
=======
    version: "1.2.0"
>>>>>>> 596eb1043fc9b328f27aa7bdde371b99c4ad67bf
  ffi:
    dependency: transitive
    description:
      name: ffi
      url: "https://pub.dartlang.org"
    source: hosted
<<<<<<< HEAD
    version: "1.2.1"
=======
    version: "1.1.2"
>>>>>>> 596eb1043fc9b328f27aa7bdde371b99c4ad67bf
  file:
    dependency: transitive
    description:
      name: file
      url: "https://pub.dartlang.org"
    source: hosted
    version: "6.1.2"
  firebase_auth:
    dependency: "direct main"
    description:
      name: firebase_auth
      url: "https://pub.dartlang.org"
    source: hosted
<<<<<<< HEAD
    version: "3.3.18"
=======
    version: "3.3.3"
>>>>>>> 596eb1043fc9b328f27aa7bdde371b99c4ad67bf
  firebase_auth_mocks:
    dependency: "direct dev"
    description:
      name: firebase_auth_mocks
      url: "https://pub.dartlang.org"
    source: hosted
<<<<<<< HEAD
    version: "0.8.4"
=======
    version: "0.8.1"
>>>>>>> 596eb1043fc9b328f27aa7bdde371b99c4ad67bf
  firebase_auth_platform_interface:
    dependency: transitive
    description:
      name: firebase_auth_platform_interface
      url: "https://pub.dartlang.org"
    source: hosted
<<<<<<< HEAD
    version: "6.2.6"
=======
    version: "6.1.8"
>>>>>>> 596eb1043fc9b328f27aa7bdde371b99c4ad67bf
  firebase_auth_web:
    dependency: transitive
    description:
      name: firebase_auth_web
      url: "https://pub.dartlang.org"
    source: hosted
<<<<<<< HEAD
    version: "3.3.15"
=======
    version: "3.3.4"
>>>>>>> 596eb1043fc9b328f27aa7bdde371b99c4ad67bf
  firebase_core:
    dependency: "direct main"
    description:
      name: firebase_core
      url: "https://pub.dartlang.org"
    source: hosted
<<<<<<< HEAD
    version: "1.17.0"
=======
    version: "1.10.5"
>>>>>>> 596eb1043fc9b328f27aa7bdde371b99c4ad67bf
  firebase_core_platform_interface:
    dependency: transitive
    description:
      name: firebase_core_platform_interface
      url: "https://pub.dartlang.org"
    source: hosted
<<<<<<< HEAD
    version: "4.4.0"
=======
    version: "4.2.2"
>>>>>>> 596eb1043fc9b328f27aa7bdde371b99c4ad67bf
  firebase_core_web:
    dependency: transitive
    description:
      name: firebase_core_web
      url: "https://pub.dartlang.org"
    source: hosted
<<<<<<< HEAD
    version: "1.6.4"
=======
    version: "1.5.2"
>>>>>>> 596eb1043fc9b328f27aa7bdde371b99c4ad67bf
  firebase_storage:
    dependency: "direct main"
    description:
      name: firebase_storage
      url: "https://pub.dartlang.org"
    source: hosted
<<<<<<< HEAD
    version: "10.2.16"
=======
    version: "10.2.3"
>>>>>>> 596eb1043fc9b328f27aa7bdde371b99c4ad67bf
  firebase_storage_mocks:
    dependency: "direct dev"
    description:
      name: firebase_storage_mocks
      url: "https://pub.dartlang.org"
    source: hosted
    version: "0.5.0"
  firebase_storage_platform_interface:
    dependency: transitive
    description:
      name: firebase_storage_platform_interface
      url: "https://pub.dartlang.org"
    source: hosted
<<<<<<< HEAD
    version: "4.1.6"
=======
    version: "4.0.10"
>>>>>>> 596eb1043fc9b328f27aa7bdde371b99c4ad67bf
  firebase_storage_web:
    dependency: transitive
    description:
      name: firebase_storage_web
      url: "https://pub.dartlang.org"
    source: hosted
<<<<<<< HEAD
    version: "3.2.15"
=======
    version: "3.2.4"
>>>>>>> 596eb1043fc9b328f27aa7bdde371b99c4ad67bf
  fixnum:
    dependency: transitive
    description:
      name: fixnum
      url: "https://pub.dartlang.org"
    source: hosted
<<<<<<< HEAD
    version: "1.0.1"
=======
    version: "1.0.0"
>>>>>>> 596eb1043fc9b328f27aa7bdde371b99c4ad67bf
  flutter:
    dependency: "direct main"
    description: flutter
    source: sdk
    version: "0.0.0"
  flutter_bloc:
    dependency: "direct main"
    description:
      name: flutter_bloc
      url: "https://pub.dartlang.org"
    source: hosted
<<<<<<< HEAD
    version: "8.0.1"
=======
    version: "8.0.0"
>>>>>>> 596eb1043fc9b328f27aa7bdde371b99c4ad67bf
  flutter_blurhash:
    dependency: transitive
    description:
      name: flutter_blurhash
      url: "https://pub.dartlang.org"
    source: hosted
<<<<<<< HEAD
    version: "0.7.0"
=======
    version: "0.6.0"
>>>>>>> 596eb1043fc9b328f27aa7bdde371b99c4ad67bf
  flutter_cache_manager:
    dependency: transitive
    description:
      name: flutter_cache_manager
      url: "https://pub.dartlang.org"
    source: hosted
    version: "3.3.0"
  flutter_launcher_icons:
    dependency: "direct dev"
    description:
      name: flutter_launcher_icons
      url: "https://pub.dartlang.org"
    source: hosted
    version: "0.9.2"
  flutter_lints:
    dependency: "direct dev"
    description:
      name: flutter_lints
      url: "https://pub.dartlang.org"
    source: hosted
<<<<<<< HEAD
    version: "2.0.1"
=======
    version: "1.0.4"
>>>>>>> 596eb1043fc9b328f27aa7bdde371b99c4ad67bf
  flutter_plugin_android_lifecycle:
    dependency: transitive
    description:
      name: flutter_plugin_android_lifecycle
      url: "https://pub.dartlang.org"
    source: hosted
<<<<<<< HEAD
    version: "2.0.6"
=======
    version: "2.0.5"
>>>>>>> 596eb1043fc9b328f27aa7bdde371b99c4ad67bf
  flutter_test:
    dependency: "direct dev"
    description: flutter
    source: sdk
    version: "0.0.0"
  flutter_web_plugins:
    dependency: transitive
    description: flutter
    source: sdk
    version: "0.0.0"
  frontend_server_client:
    dependency: transitive
    description:
      name: frontend_server_client
      url: "https://pub.dartlang.org"
    source: hosted
<<<<<<< HEAD
    version: "2.1.3"
=======
    version: "2.1.2"
>>>>>>> 596eb1043fc9b328f27aa7bdde371b99c4ad67bf
  get:
    dependency: "direct main"
    description:
      name: get
      url: "https://pub.dartlang.org"
    source: hosted
<<<<<<< HEAD
    version: "4.6.5"
=======
    version: "4.5.1"
>>>>>>> 596eb1043fc9b328f27aa7bdde371b99c4ad67bf
  get_it:
    dependency: "direct main"
    description:
      name: get_it
      url: "https://pub.dartlang.org"
    source: hosted
    version: "7.2.0"
  glob:
    dependency: transitive
    description:
      name: glob
      url: "https://pub.dartlang.org"
    source: hosted
    version: "2.0.2"
  google_fonts:
    dependency: "direct main"
    description:
      name: google_fonts
      url: "https://pub.dartlang.org"
    source: hosted
<<<<<<< HEAD
    version: "3.0.1"
=======
    version: "2.1.0"
>>>>>>> 596eb1043fc9b328f27aa7bdde371b99c4ad67bf
  google_sign_in:
    dependency: "direct main"
    description:
      name: google_sign_in
      url: "https://pub.dartlang.org"
    source: hosted
    version: "5.2.1"
  google_sign_in_mocks:
    dependency: "direct dev"
    description:
      name: google_sign_in_mocks
      url: "https://pub.dartlang.org"
    source: hosted
    version: "0.2.1"
  google_sign_in_platform_interface:
    dependency: transitive
    description:
      name: google_sign_in_platform_interface
      url: "https://pub.dartlang.org"
    source: hosted
<<<<<<< HEAD
    version: "2.1.3"
=======
    version: "2.1.0"
>>>>>>> 596eb1043fc9b328f27aa7bdde371b99c4ad67bf
  google_sign_in_web:
    dependency: transitive
    description:
      name: google_sign_in_web
      url: "https://pub.dartlang.org"
    source: hosted
<<<<<<< HEAD
    version: "0.10.1+2"
=======
    version: "0.10.0+3"
>>>>>>> 596eb1043fc9b328f27aa7bdde371b99c4ad67bf
  graphs:
    dependency: transitive
    description:
      name: graphs
      url: "https://pub.dartlang.org"
    source: hosted
    version: "2.1.0"
  http:
    dependency: transitive
    description:
      name: http
      url: "https://pub.dartlang.org"
    source: hosted
    version: "0.13.4"
  http_multi_server:
    dependency: transitive
    description:
      name: http_multi_server
      url: "https://pub.dartlang.org"
    source: hosted
<<<<<<< HEAD
    version: "3.2.0"
=======
    version: "3.0.1"
>>>>>>> 596eb1043fc9b328f27aa7bdde371b99c4ad67bf
  http_parser:
    dependency: transitive
    description:
      name: http_parser
      url: "https://pub.dartlang.org"
    source: hosted
<<<<<<< HEAD
    version: "4.0.1"
=======
    version: "4.0.0"
>>>>>>> 596eb1043fc9b328f27aa7bdde371b99c4ad67bf
  image:
    dependency: transitive
    description:
      name: image
      url: "https://pub.dartlang.org"
    source: hosted
<<<<<<< HEAD
    version: "3.2.0"
=======
    version: "3.1.0"
>>>>>>> 596eb1043fc9b328f27aa7bdde371b99c4ad67bf
  image_picker:
    dependency: "direct main"
    description:
      name: image_picker
      url: "https://pub.dartlang.org"
    source: hosted
<<<<<<< HEAD
    version: "0.8.5+3"
  image_picker_android:
    dependency: transitive
    description:
      name: image_picker_android
      url: "https://pub.dartlang.org"
    source: hosted
    version: "0.8.4+13"
=======
    version: "0.8.4+4"
>>>>>>> 596eb1043fc9b328f27aa7bdde371b99c4ad67bf
  image_picker_for_web:
    dependency: transitive
    description:
      name: image_picker_for_web
      url: "https://pub.dartlang.org"
    source: hosted
<<<<<<< HEAD
    version: "2.1.8"
  image_picker_ios:
    dependency: transitive
    description:
      name: image_picker_ios
      url: "https://pub.dartlang.org"
    source: hosted
    version: "0.8.5+5"
=======
    version: "2.1.4"
>>>>>>> 596eb1043fc9b328f27aa7bdde371b99c4ad67bf
  image_picker_platform_interface:
    dependency: transitive
    description:
      name: image_picker_platform_interface
      url: "https://pub.dartlang.org"
    source: hosted
<<<<<<< HEAD
    version: "2.5.0"
=======
    version: "2.4.1"
>>>>>>> 596eb1043fc9b328f27aa7bdde371b99c4ad67bf
  intl:
    dependency: "direct main"
    description:
      name: intl
      url: "https://pub.dartlang.org"
    source: hosted
    version: "0.17.0"
  io:
    dependency: transitive
    description:
      name: io
      url: "https://pub.dartlang.org"
    source: hosted
    version: "1.0.3"
  js:
    dependency: transitive
    description:
      name: js
      url: "https://pub.dartlang.org"
    source: hosted
<<<<<<< HEAD
    version: "0.6.4"
=======
    version: "0.6.3"
>>>>>>> 596eb1043fc9b328f27aa7bdde371b99c4ad67bf
  json_annotation:
    dependency: transitive
    description:
      name: json_annotation
      url: "https://pub.dartlang.org"
    source: hosted
<<<<<<< HEAD
    version: "4.5.0"
=======
    version: "4.4.0"
>>>>>>> 596eb1043fc9b328f27aa7bdde371b99c4ad67bf
  lints:
    dependency: transitive
    description:
      name: lints
      url: "https://pub.dartlang.org"
    source: hosted
<<<<<<< HEAD
    version: "2.0.0"
=======
    version: "1.0.1"
>>>>>>> 596eb1043fc9b328f27aa7bdde371b99c4ad67bf
  logging:
    dependency: transitive
    description:
      name: logging
      url: "https://pub.dartlang.org"
    source: hosted
    version: "1.0.2"
  matcher:
    dependency: transitive
    description:
      name: matcher
      url: "https://pub.dartlang.org"
    source: hosted
    version: "0.12.11"
<<<<<<< HEAD
  material_color_utilities:
    dependency: transitive
    description:
      name: material_color_utilities
      url: "https://pub.dartlang.org"
    source: hosted
    version: "0.1.4"
=======
>>>>>>> 596eb1043fc9b328f27aa7bdde371b99c4ad67bf
  meta:
    dependency: transitive
    description:
      name: meta
      url: "https://pub.dartlang.org"
    source: hosted
    version: "1.7.0"
  mime:
    dependency: transitive
    description:
      name: mime
      url: "https://pub.dartlang.org"
    source: hosted
<<<<<<< HEAD
    version: "1.0.2"
=======
    version: "1.0.1"
>>>>>>> 596eb1043fc9b328f27aa7bdde371b99c4ad67bf
  mockito:
    dependency: "direct dev"
    description:
      name: mockito
      url: "https://pub.dartlang.org"
    source: hosted
<<<<<<< HEAD
    version: "5.2.0"
=======
    version: "5.0.17"
>>>>>>> 596eb1043fc9b328f27aa7bdde371b99c4ad67bf
  mocktail:
    dependency: "direct dev"
    description:
      name: mocktail
      url: "https://pub.dartlang.org"
    source: hosted
<<<<<<< HEAD
    version: "0.3.0"
=======
    version: "0.2.0"
>>>>>>> 596eb1043fc9b328f27aa7bdde371b99c4ad67bf
  nested:
    dependency: transitive
    description:
      name: nested
      url: "https://pub.dartlang.org"
    source: hosted
    version: "1.0.0"
  node_preamble:
    dependency: transitive
    description:
      name: node_preamble
      url: "https://pub.dartlang.org"
    source: hosted
    version: "2.0.1"
  octo_image:
    dependency: transitive
    description:
      name: octo_image
      url: "https://pub.dartlang.org"
    source: hosted
<<<<<<< HEAD
    version: "1.0.2"
=======
    version: "1.0.1"
>>>>>>> 596eb1043fc9b328f27aa7bdde371b99c4ad67bf
  package_config:
    dependency: transitive
    description:
      name: package_config
      url: "https://pub.dartlang.org"
    source: hosted
    version: "2.0.2"
  path:
    dependency: transitive
    description:
      name: path
      url: "https://pub.dartlang.org"
    source: hosted
<<<<<<< HEAD
    version: "1.8.1"
=======
    version: "1.8.0"
>>>>>>> 596eb1043fc9b328f27aa7bdde371b99c4ad67bf
  path_provider:
    dependency: transitive
    description:
      name: path_provider
      url: "https://pub.dartlang.org"
    source: hosted
<<<<<<< HEAD
    version: "2.0.10"
=======
    version: "2.0.7"
>>>>>>> 596eb1043fc9b328f27aa7bdde371b99c4ad67bf
  path_provider_android:
    dependency: transitive
    description:
      name: path_provider_android
      url: "https://pub.dartlang.org"
    source: hosted
<<<<<<< HEAD
    version: "2.0.14"
=======
    version: "2.0.9"
>>>>>>> 596eb1043fc9b328f27aa7bdde371b99c4ad67bf
  path_provider_ios:
    dependency: transitive
    description:
      name: path_provider_ios
      url: "https://pub.dartlang.org"
    source: hosted
<<<<<<< HEAD
    version: "2.0.9"
=======
    version: "2.0.7"
>>>>>>> 596eb1043fc9b328f27aa7bdde371b99c4ad67bf
  path_provider_linux:
    dependency: transitive
    description:
      name: path_provider_linux
      url: "https://pub.dartlang.org"
    source: hosted
<<<<<<< HEAD
    version: "2.1.6"
=======
    version: "2.1.2"
>>>>>>> 596eb1043fc9b328f27aa7bdde371b99c4ad67bf
  path_provider_macos:
    dependency: transitive
    description:
      name: path_provider_macos
      url: "https://pub.dartlang.org"
    source: hosted
<<<<<<< HEAD
    version: "2.0.6"
=======
    version: "2.0.4"
>>>>>>> 596eb1043fc9b328f27aa7bdde371b99c4ad67bf
  path_provider_platform_interface:
    dependency: transitive
    description:
      name: path_provider_platform_interface
      url: "https://pub.dartlang.org"
    source: hosted
<<<<<<< HEAD
    version: "2.0.4"
=======
    version: "2.0.1"
>>>>>>> 596eb1043fc9b328f27aa7bdde371b99c4ad67bf
  path_provider_windows:
    dependency: transitive
    description:
      name: path_provider_windows
      url: "https://pub.dartlang.org"
    source: hosted
<<<<<<< HEAD
    version: "2.0.6"
=======
    version: "2.0.4"
>>>>>>> 596eb1043fc9b328f27aa7bdde371b99c4ad67bf
  pedantic:
    dependency: transitive
    description:
      name: pedantic
      url: "https://pub.dartlang.org"
    source: hosted
    version: "1.11.1"
  petitparser:
    dependency: transitive
    description:
      name: petitparser
      url: "https://pub.dartlang.org"
    source: hosted
<<<<<<< HEAD
    version: "5.0.0"
=======
    version: "4.4.0"
>>>>>>> 596eb1043fc9b328f27aa7bdde371b99c4ad67bf
  platform:
    dependency: transitive
    description:
      name: platform
      url: "https://pub.dartlang.org"
    source: hosted
    version: "3.1.0"
  plugin_platform_interface:
    dependency: transitive
    description:
      name: plugin_platform_interface
      url: "https://pub.dartlang.org"
    source: hosted
<<<<<<< HEAD
    version: "2.1.2"
=======
    version: "2.0.2"
>>>>>>> 596eb1043fc9b328f27aa7bdde371b99c4ad67bf
  pool:
    dependency: transitive
    description:
      name: pool
      url: "https://pub.dartlang.org"
    source: hosted
    version: "1.5.0"
  process:
    dependency: transitive
    description:
      name: process
      url: "https://pub.dartlang.org"
    source: hosted
    version: "4.2.4"
  provider:
    dependency: transitive
    description:
      name: provider
      url: "https://pub.dartlang.org"
    source: hosted
<<<<<<< HEAD
    version: "6.0.3"
=======
    version: "6.0.1"
>>>>>>> 596eb1043fc9b328f27aa7bdde371b99c4ad67bf
  pub_semver:
    dependency: transitive
    description:
      name: pub_semver
      url: "https://pub.dartlang.org"
    source: hosted
<<<<<<< HEAD
    version: "2.1.1"
=======
    version: "2.1.0"
>>>>>>> 596eb1043fc9b328f27aa7bdde371b99c4ad67bf
  pubspec_parse:
    dependency: transitive
    description:
      name: pubspec_parse
      url: "https://pub.dartlang.org"
    source: hosted
    version: "1.2.0"
  quiver:
    dependency: transitive
    description:
      name: quiver
      url: "https://pub.dartlang.org"
    source: hosted
<<<<<<< HEAD
    version: "3.1.0"
=======
    version: "3.0.1+1"
>>>>>>> 596eb1043fc9b328f27aa7bdde371b99c4ad67bf
  rxdart:
    dependency: transitive
    description:
      name: rxdart
      url: "https://pub.dartlang.org"
    source: hosted
    version: "0.27.3"
  shelf:
    dependency: transitive
    description:
      name: shelf
      url: "https://pub.dartlang.org"
    source: hosted
<<<<<<< HEAD
    version: "1.3.0"
=======
    version: "1.2.0"
>>>>>>> 596eb1043fc9b328f27aa7bdde371b99c4ad67bf
  shelf_packages_handler:
    dependency: transitive
    description:
      name: shelf_packages_handler
      url: "https://pub.dartlang.org"
    source: hosted
    version: "3.0.0"
  shelf_static:
    dependency: transitive
    description:
      name: shelf_static
      url: "https://pub.dartlang.org"
    source: hosted
    version: "1.1.0"
  shelf_web_socket:
    dependency: transitive
    description:
      name: shelf_web_socket
      url: "https://pub.dartlang.org"
    source: hosted
    version: "1.0.1"
  sky_engine:
    dependency: transitive
    description: flutter
    source: sdk
    version: "0.0.99"
  source_gen:
    dependency: transitive
    description:
      name: source_gen
      url: "https://pub.dartlang.org"
    source: hosted
<<<<<<< HEAD
    version: "1.2.2"
=======
    version: "1.2.1"
>>>>>>> 596eb1043fc9b328f27aa7bdde371b99c4ad67bf
  source_map_stack_trace:
    dependency: transitive
    description:
      name: source_map_stack_trace
      url: "https://pub.dartlang.org"
    source: hosted
    version: "2.1.0"
  source_maps:
    dependency: transitive
    description:
      name: source_maps
      url: "https://pub.dartlang.org"
    source: hosted
    version: "0.10.10"
  source_span:
    dependency: transitive
    description:
      name: source_span
      url: "https://pub.dartlang.org"
    source: hosted
<<<<<<< HEAD
    version: "1.8.2"
=======
    version: "1.8.1"
>>>>>>> 596eb1043fc9b328f27aa7bdde371b99c4ad67bf
  sqflite:
    dependency: transitive
    description:
      name: sqflite
      url: "https://pub.dartlang.org"
    source: hosted
<<<<<<< HEAD
    version: "2.0.2+1"
=======
    version: "2.0.1"
>>>>>>> 596eb1043fc9b328f27aa7bdde371b99c4ad67bf
  sqflite_common:
    dependency: transitive
    description:
      name: sqflite_common
      url: "https://pub.dartlang.org"
    source: hosted
<<<<<<< HEAD
    version: "2.2.1+1"
=======
    version: "2.1.0"
>>>>>>> 596eb1043fc9b328f27aa7bdde371b99c4ad67bf
  stack_trace:
    dependency: transitive
    description:
      name: stack_trace
      url: "https://pub.dartlang.org"
    source: hosted
    version: "1.10.0"
  stream_channel:
    dependency: transitive
    description:
      name: stream_channel
      url: "https://pub.dartlang.org"
    source: hosted
    version: "2.1.0"
  stream_transform:
    dependency: transitive
    description:
      name: stream_transform
      url: "https://pub.dartlang.org"
    source: hosted
    version: "2.0.0"
  string_scanner:
    dependency: transitive
    description:
      name: string_scanner
      url: "https://pub.dartlang.org"
    source: hosted
    version: "1.1.0"
  synchronized:
    dependency: transitive
    description:
      name: synchronized
      url: "https://pub.dartlang.org"
    source: hosted
<<<<<<< HEAD
    version: "3.0.0+2"
=======
    version: "3.0.0"
>>>>>>> 596eb1043fc9b328f27aa7bdde371b99c4ad67bf
  term_glyph:
    dependency: transitive
    description:
      name: term_glyph
      url: "https://pub.dartlang.org"
    source: hosted
    version: "1.2.0"
  test:
    dependency: transitive
    description:
      name: test
      url: "https://pub.dartlang.org"
    source: hosted
<<<<<<< HEAD
    version: "1.21.1"
=======
    version: "1.17.12"
>>>>>>> 596eb1043fc9b328f27aa7bdde371b99c4ad67bf
  test_api:
    dependency: transitive
    description:
      name: test_api
      url: "https://pub.dartlang.org"
    source: hosted
<<<<<<< HEAD
    version: "0.4.9"
=======
    version: "0.4.3"
>>>>>>> 596eb1043fc9b328f27aa7bdde371b99c4ad67bf
  test_core:
    dependency: transitive
    description:
      name: test_core
      url: "https://pub.dartlang.org"
    source: hosted
<<<<<<< HEAD
    version: "0.4.13"
=======
    version: "0.4.2"
>>>>>>> 596eb1043fc9b328f27aa7bdde371b99c4ad67bf
  timing:
    dependency: transitive
    description:
      name: timing
      url: "https://pub.dartlang.org"
    source: hosted
    version: "1.0.0"
  typed_data:
    dependency: transitive
    description:
      name: typed_data
      url: "https://pub.dartlang.org"
    source: hosted
<<<<<<< HEAD
    version: "1.3.1"
=======
    version: "1.3.0"
>>>>>>> 596eb1043fc9b328f27aa7bdde371b99c4ad67bf
  uuid:
    dependency: transitive
    description:
      name: uuid
      url: "https://pub.dartlang.org"
    source: hosted
<<<<<<< HEAD
    version: "3.0.6"
=======
    version: "3.0.5"
>>>>>>> 596eb1043fc9b328f27aa7bdde371b99c4ad67bf
  vector_math:
    dependency: transitive
    description:
      name: vector_math
      url: "https://pub.dartlang.org"
    source: hosted
<<<<<<< HEAD
    version: "2.1.2"
=======
    version: "2.1.1"
>>>>>>> 596eb1043fc9b328f27aa7bdde371b99c4ad67bf
  vm_service:
    dependency: transitive
    description:
      name: vm_service
      url: "https://pub.dartlang.org"
    source: hosted
<<<<<<< HEAD
    version: "8.3.0"
=======
    version: "7.5.0"
>>>>>>> 596eb1043fc9b328f27aa7bdde371b99c4ad67bf
  watcher:
    dependency: transitive
    description:
      name: watcher
      url: "https://pub.dartlang.org"
    source: hosted
    version: "1.0.1"
  web_socket_channel:
    dependency: transitive
    description:
      name: web_socket_channel
      url: "https://pub.dartlang.org"
    source: hosted
<<<<<<< HEAD
    version: "2.2.0"
=======
    version: "2.1.0"
>>>>>>> 596eb1043fc9b328f27aa7bdde371b99c4ad67bf
  webkit_inspection_protocol:
    dependency: transitive
    description:
      name: webkit_inspection_protocol
      url: "https://pub.dartlang.org"
    source: hosted
<<<<<<< HEAD
    version: "1.1.0"
=======
    version: "1.0.0"
>>>>>>> 596eb1043fc9b328f27aa7bdde371b99c4ad67bf
  win32:
    dependency: transitive
    description:
      name: win32
      url: "https://pub.dartlang.org"
    source: hosted
<<<<<<< HEAD
    version: "2.6.1"
=======
    version: "2.3.1"
>>>>>>> 596eb1043fc9b328f27aa7bdde371b99c4ad67bf
  xdg_directories:
    dependency: transitive
    description:
      name: xdg_directories
      url: "https://pub.dartlang.org"
    source: hosted
<<<<<<< HEAD
    version: "0.2.0+1"
=======
    version: "0.2.0"
>>>>>>> 596eb1043fc9b328f27aa7bdde371b99c4ad67bf
  xml:
    dependency: transitive
    description:
      name: xml
      url: "https://pub.dartlang.org"
    source: hosted
<<<<<<< HEAD
    version: "6.0.1"
=======
    version: "5.3.1"
>>>>>>> 596eb1043fc9b328f27aa7bdde371b99c4ad67bf
  yaml:
    dependency: transitive
    description:
      name: yaml
      url: "https://pub.dartlang.org"
    source: hosted
<<<<<<< HEAD
    version: "3.1.1"
sdks:
  dart: ">=2.17.0 <3.0.0"
  flutter: ">=3.0.0"
=======
    version: "3.1.0"
sdks:
  dart: ">=2.15.0 <3.0.0"
  flutter: ">=2.5.0"
>>>>>>> 596eb1043fc9b328f27aa7bdde371b99c4ad67bf
